
Microsoft Visual Studio Solution File, Format Version 12.00
# Visual Studio 15
VisualStudioVersion = 15.0.27703.2042
MinimumVisualStudioVersion = 10.0.40219.1
Project("{FAE04EC0-301F-11D3-BF4B-00C04F79EFBC}") = "ExpensesApp.Android", "ExpensesApp\ExpensesApp.Android\ExpensesApp.Android.csproj", "{83B5A354-C379-4CBD-A3F2-53D92FDD5AC0}"
EndProject
Project("{FAE04EC0-301F-11D3-BF4B-00C04F79EFBC}") = "ExpensesApp.iOS", "ExpensesApp\ExpensesApp.iOS\ExpensesApp.iOS.csproj", "{5FF8A7A2-540F-4B12-A763-43F9FC580516}"
EndProject
Project("{9A19103F-16F7-4668-BE54-9A1E7A4F7556}") = "ExpensesApp", "ExpensesApp\ExpensesApp\ExpensesApp.csproj", "{6E77805B-14F5-4C27-8F95-3E0E4C640C86}"
EndProject
Project("{FAE04EC0-301F-11D3-BF4B-00C04F79EFBC}") = "ExpensesApp.Data", "ExpensesApp.Data\ExpensesApp.Data.csproj", "{C7C48759-0D0A-4FDA-B85F-0CC9E196E464}"
EndProject
Project("{FAE04EC0-301F-11D3-BF4B-00C04F79EFBC}") = "ExpensesApp.Core", "ExpensesApp.Core\ExpensesApp.Core.csproj", "{38126CC0-0ACE-445D-90CB-552BCAD2D29F}"
EndProject
Project("{FAE04EC0-301F-11D3-BF4B-00C04F79EFBC}") = "ExpensesApp.API", "ExpensesApp.API\ExpensesApp.API.csproj", "{3AC16FD5-1272-4F92-814E-CFEFC035B638}"
EndProject
Global
	GlobalSection(SolutionConfigurationPlatforms) = preSolution
		Ad-Hoc|Any CPU = Ad-Hoc|Any CPU
		Ad-Hoc|iPhone = Ad-Hoc|iPhone
		Ad-Hoc|iPhoneSimulator = Ad-Hoc|iPhoneSimulator
		AppStore|Any CPU = AppStore|Any CPU
		AppStore|iPhone = AppStore|iPhone
		AppStore|iPhoneSimulator = AppStore|iPhoneSimulator
		Debug|Any CPU = Debug|Any CPU
		Debug|iPhone = Debug|iPhone
		Debug|iPhoneSimulator = Debug|iPhoneSimulator
		Release|Any CPU = Release|Any CPU
		Release|iPhone = Release|iPhone
		Release|iPhoneSimulator = Release|iPhoneSimulator
	EndGlobalSection
	GlobalSection(ProjectConfigurationPlatforms) = postSolution
		{83B5A354-C379-4CBD-A3F2-53D92FDD5AC0}.Ad-Hoc|Any CPU.ActiveCfg = Release|Any CPU
		{83B5A354-C379-4CBD-A3F2-53D92FDD5AC0}.Ad-Hoc|Any CPU.Build.0 = Release|Any CPU
		{83B5A354-C379-4CBD-A3F2-53D92FDD5AC0}.Ad-Hoc|Any CPU.Deploy.0 = Release|Any CPU
		{83B5A354-C379-4CBD-A3F2-53D92FDD5AC0}.Ad-Hoc|iPhone.ActiveCfg = Release|Any CPU
		{83B5A354-C379-4CBD-A3F2-53D92FDD5AC0}.Ad-Hoc|iPhone.Build.0 = Release|Any CPU
		{83B5A354-C379-4CBD-A3F2-53D92FDD5AC0}.Ad-Hoc|iPhone.Deploy.0 = Release|Any CPU
		{83B5A354-C379-4CBD-A3F2-53D92FDD5AC0}.Ad-Hoc|iPhoneSimulator.ActiveCfg = Release|Any CPU
		{83B5A354-C379-4CBD-A3F2-53D92FDD5AC0}.Ad-Hoc|iPhoneSimulator.Build.0 = Release|Any CPU
		{83B5A354-C379-4CBD-A3F2-53D92FDD5AC0}.Ad-Hoc|iPhoneSimulator.Deploy.0 = Release|Any CPU
		{83B5A354-C379-4CBD-A3F2-53D92FDD5AC0}.AppStore|Any CPU.ActiveCfg = Release|Any CPU
		{83B5A354-C379-4CBD-A3F2-53D92FDD5AC0}.AppStore|Any CPU.Build.0 = Release|Any CPU
		{83B5A354-C379-4CBD-A3F2-53D92FDD5AC0}.AppStore|Any CPU.Deploy.0 = Release|Any CPU
		{83B5A354-C379-4CBD-A3F2-53D92FDD5AC0}.AppStore|iPhone.ActiveCfg = Release|Any CPU
		{83B5A354-C379-4CBD-A3F2-53D92FDD5AC0}.AppStore|iPhone.Build.0 = Release|Any CPU
		{83B5A354-C379-4CBD-A3F2-53D92FDD5AC0}.AppStore|iPhone.Deploy.0 = Release|Any CPU
		{83B5A354-C379-4CBD-A3F2-53D92FDD5AC0}.AppStore|iPhoneSimulator.ActiveCfg = Release|Any CPU
		{83B5A354-C379-4CBD-A3F2-53D92FDD5AC0}.AppStore|iPhoneSimulator.Build.0 = Release|Any CPU
		{83B5A354-C379-4CBD-A3F2-53D92FDD5AC0}.AppStore|iPhoneSimulator.Deploy.0 = Release|Any CPU
		{83B5A354-C379-4CBD-A3F2-53D92FDD5AC0}.Debug|Any CPU.ActiveCfg = Debug|Any CPU
		{83B5A354-C379-4CBD-A3F2-53D92FDD5AC0}.Debug|Any CPU.Build.0 = Debug|Any CPU
		{83B5A354-C379-4CBD-A3F2-53D92FDD5AC0}.Debug|Any CPU.Deploy.0 = Debug|Any CPU
		{83B5A354-C379-4CBD-A3F2-53D92FDD5AC0}.Debug|iPhone.ActiveCfg = Debug|Any CPU
		{83B5A354-C379-4CBD-A3F2-53D92FDD5AC0}.Debug|iPhone.Build.0 = Debug|Any CPU
		{83B5A354-C379-4CBD-A3F2-53D92FDD5AC0}.Debug|iPhone.Deploy.0 = Debug|Any CPU
		{83B5A354-C379-4CBD-A3F2-53D92FDD5AC0}.Debug|iPhoneSimulator.ActiveCfg = Debug|Any CPU
		{83B5A354-C379-4CBD-A3F2-53D92FDD5AC0}.Debug|iPhoneSimulator.Build.0 = Debug|Any CPU
		{83B5A354-C379-4CBD-A3F2-53D92FDD5AC0}.Debug|iPhoneSimulator.Deploy.0 = Debug|Any CPU
		{83B5A354-C379-4CBD-A3F2-53D92FDD5AC0}.Release|Any CPU.ActiveCfg = Release|Any CPU
		{83B5A354-C379-4CBD-A3F2-53D92FDD5AC0}.Release|Any CPU.Build.0 = Release|Any CPU
		{83B5A354-C379-4CBD-A3F2-53D92FDD5AC0}.Release|Any CPU.Deploy.0 = Release|Any CPU
		{83B5A354-C379-4CBD-A3F2-53D92FDD5AC0}.Release|iPhone.ActiveCfg = Release|Any CPU
		{83B5A354-C379-4CBD-A3F2-53D92FDD5AC0}.Release|iPhone.Build.0 = Release|Any CPU
		{83B5A354-C379-4CBD-A3F2-53D92FDD5AC0}.Release|iPhone.Deploy.0 = Release|Any CPU
		{83B5A354-C379-4CBD-A3F2-53D92FDD5AC0}.Release|iPhoneSimulator.ActiveCfg = Release|Any CPU
		{83B5A354-C379-4CBD-A3F2-53D92FDD5AC0}.Release|iPhoneSimulator.Build.0 = Release|Any CPU
		{83B5A354-C379-4CBD-A3F2-53D92FDD5AC0}.Release|iPhoneSimulator.Deploy.0 = Release|Any CPU
		{5FF8A7A2-540F-4B12-A763-43F9FC580516}.Ad-Hoc|Any CPU.ActiveCfg = Ad-Hoc|iPhone
		{5FF8A7A2-540F-4B12-A763-43F9FC580516}.Ad-Hoc|Any CPU.Build.0 = Ad-Hoc|iPhone
		{5FF8A7A2-540F-4B12-A763-43F9FC580516}.Ad-Hoc|Any CPU.Deploy.0 = Ad-Hoc|iPhone
		{5FF8A7A2-540F-4B12-A763-43F9FC580516}.Ad-Hoc|iPhone.ActiveCfg = Ad-Hoc|iPhone
		{5FF8A7A2-540F-4B12-A763-43F9FC580516}.Ad-Hoc|iPhone.Build.0 = Ad-Hoc|iPhone
		{5FF8A7A2-540F-4B12-A763-43F9FC580516}.Ad-Hoc|iPhone.Deploy.0 = Ad-Hoc|iPhone
		{5FF8A7A2-540F-4B12-A763-43F9FC580516}.Ad-Hoc|iPhoneSimulator.ActiveCfg = Ad-Hoc|iPhoneSimulator
		{5FF8A7A2-540F-4B12-A763-43F9FC580516}.Ad-Hoc|iPhoneSimulator.Build.0 = Ad-Hoc|iPhoneSimulator
		{5FF8A7A2-540F-4B12-A763-43F9FC580516}.Ad-Hoc|iPhoneSimulator.Deploy.0 = Ad-Hoc|iPhoneSimulator
		{5FF8A7A2-540F-4B12-A763-43F9FC580516}.AppStore|Any CPU.ActiveCfg = AppStore|iPhone
		{5FF8A7A2-540F-4B12-A763-43F9FC580516}.AppStore|Any CPU.Build.0 = AppStore|iPhone
		{5FF8A7A2-540F-4B12-A763-43F9FC580516}.AppStore|Any CPU.Deploy.0 = AppStore|iPhone
		{5FF8A7A2-540F-4B12-A763-43F9FC580516}.AppStore|iPhone.ActiveCfg = AppStore|iPhone
		{5FF8A7A2-540F-4B12-A763-43F9FC580516}.AppStore|iPhone.Build.0 = AppStore|iPhone
		{5FF8A7A2-540F-4B12-A763-43F9FC580516}.AppStore|iPhone.Deploy.0 = AppStore|iPhone
		{5FF8A7A2-540F-4B12-A763-43F9FC580516}.AppStore|iPhoneSimulator.ActiveCfg = AppStore|iPhoneSimulator
		{5FF8A7A2-540F-4B12-A763-43F9FC580516}.AppStore|iPhoneSimulator.Build.0 = AppStore|iPhoneSimulator
		{5FF8A7A2-540F-4B12-A763-43F9FC580516}.AppStore|iPhoneSimulator.Deploy.0 = AppStore|iPhoneSimulator
		{5FF8A7A2-540F-4B12-A763-43F9FC580516}.Debug|Any CPU.ActiveCfg = Debug|iPhoneSimulator
		{5FF8A7A2-540F-4B12-A763-43F9FC580516}.Debug|Any CPU.Build.0 = Debug|iPhoneSimulator
		{5FF8A7A2-540F-4B12-A763-43F9FC580516}.Debug|Any CPU.Deploy.0 = Debug|iPhoneSimulator
		{5FF8A7A2-540F-4B12-A763-43F9FC580516}.Debug|iPhone.ActiveCfg = Debug|iPhone
		{5FF8A7A2-540F-4B12-A763-43F9FC580516}.Debug|iPhone.Build.0 = Debug|iPhone
		{5FF8A7A2-540F-4B12-A763-43F9FC580516}.Debug|iPhone.Deploy.0 = Debug|iPhone
		{5FF8A7A2-540F-4B12-A763-43F9FC580516}.Debug|iPhoneSimulator.ActiveCfg = Debug|iPhoneSimulator
		{5FF8A7A2-540F-4B12-A763-43F9FC580516}.Debug|iPhoneSimulator.Build.0 = Debug|iPhoneSimulator
		{5FF8A7A2-540F-4B12-A763-43F9FC580516}.Debug|iPhoneSimulator.Deploy.0 = Debug|iPhoneSimulator
		{5FF8A7A2-540F-4B12-A763-43F9FC580516}.Release|Any CPU.ActiveCfg = Release|iPhone
		{5FF8A7A2-540F-4B12-A763-43F9FC580516}.Release|Any CPU.Build.0 = Release|iPhone
		{5FF8A7A2-540F-4B12-A763-43F9FC580516}.Release|Any CPU.Deploy.0 = Release|iPhone
		{5FF8A7A2-540F-4B12-A763-43F9FC580516}.Release|iPhone.ActiveCfg = Release|iPhone
		{5FF8A7A2-540F-4B12-A763-43F9FC580516}.Release|iPhone.Build.0 = Release|iPhone
		{5FF8A7A2-540F-4B12-A763-43F9FC580516}.Release|iPhone.Deploy.0 = Release|iPhone
		{5FF8A7A2-540F-4B12-A763-43F9FC580516}.Release|iPhoneSimulator.ActiveCfg = Release|iPhoneSimulator
		{5FF8A7A2-540F-4B12-A763-43F9FC580516}.Release|iPhoneSimulator.Build.0 = Release|iPhoneSimulator
		{5FF8A7A2-540F-4B12-A763-43F9FC580516}.Release|iPhoneSimulator.Deploy.0 = Release|iPhoneSimulator
		{6E77805B-14F5-4C27-8F95-3E0E4C640C86}.Ad-Hoc|Any CPU.ActiveCfg = Debug|Any CPU
		{6E77805B-14F5-4C27-8F95-3E0E4C640C86}.Ad-Hoc|Any CPU.Build.0 = Debug|Any CPU
		{6E77805B-14F5-4C27-8F95-3E0E4C640C86}.Ad-Hoc|Any CPU.Deploy.0 = Debug|Any CPU
		{6E77805B-14F5-4C27-8F95-3E0E4C640C86}.Ad-Hoc|iPhone.ActiveCfg = Debug|Any CPU
		{6E77805B-14F5-4C27-8F95-3E0E4C640C86}.Ad-Hoc|iPhone.Build.0 = Debug|Any CPU
		{6E77805B-14F5-4C27-8F95-3E0E4C640C86}.Ad-Hoc|iPhone.Deploy.0 = Debug|Any CPU
		{6E77805B-14F5-4C27-8F95-3E0E4C640C86}.Ad-Hoc|iPhoneSimulator.ActiveCfg = Debug|Any CPU
		{6E77805B-14F5-4C27-8F95-3E0E4C640C86}.Ad-Hoc|iPhoneSimulator.Build.0 = Debug|Any CPU
		{6E77805B-14F5-4C27-8F95-3E0E4C640C86}.Ad-Hoc|iPhoneSimulator.Deploy.0 = Debug|Any CPU
		{6E77805B-14F5-4C27-8F95-3E0E4C640C86}.AppStore|Any CPU.ActiveCfg = Debug|Any CPU
		{6E77805B-14F5-4C27-8F95-3E0E4C640C86}.AppStore|Any CPU.Build.0 = Debug|Any CPU
		{6E77805B-14F5-4C27-8F95-3E0E4C640C86}.AppStore|Any CPU.Deploy.0 = Debug|Any CPU
		{6E77805B-14F5-4C27-8F95-3E0E4C640C86}.AppStore|iPhone.ActiveCfg = Debug|Any CPU
		{6E77805B-14F5-4C27-8F95-3E0E4C640C86}.AppStore|iPhone.Build.0 = Debug|Any CPU
		{6E77805B-14F5-4C27-8F95-3E0E4C640C86}.AppStore|iPhone.Deploy.0 = Debug|Any CPU
		{6E77805B-14F5-4C27-8F95-3E0E4C640C86}.AppStore|iPhoneSimulator.ActiveCfg = Debug|Any CPU
		{6E77805B-14F5-4C27-8F95-3E0E4C640C86}.AppStore|iPhoneSimulator.Build.0 = Debug|Any CPU
		{6E77805B-14F5-4C27-8F95-3E0E4C640C86}.AppStore|iPhoneSimulator.Deploy.0 = Debug|Any CPU
		{6E77805B-14F5-4C27-8F95-3E0E4C640C86}.Debug|Any CPU.ActiveCfg = Debug|Any CPU
		{6E77805B-14F5-4C27-8F95-3E0E4C640C86}.Debug|Any CPU.Build.0 = Debug|Any CPU
		{6E77805B-14F5-4C27-8F95-3E0E4C640C86}.Debug|Any CPU.Deploy.0 = Debug|Any CPU
		{6E77805B-14F5-4C27-8F95-3E0E4C640C86}.Debug|iPhone.ActiveCfg = Debug|Any CPU
		{6E77805B-14F5-4C27-8F95-3E0E4C640C86}.Debug|iPhone.Build.0 = Debug|Any CPU
		{6E77805B-14F5-4C27-8F95-3E0E4C640C86}.Debug|iPhone.Deploy.0 = Debug|Any CPU
		{6E77805B-14F5-4C27-8F95-3E0E4C640C86}.Debug|iPhoneSimulator.ActiveCfg = Debug|Any CPU
		{6E77805B-14F5-4C27-8F95-3E0E4C640C86}.Debug|iPhoneSimulator.Build.0 = Debug|Any CPU
		{6E77805B-14F5-4C27-8F95-3E0E4C640C86}.Debug|iPhoneSimulator.Deploy.0 = Debug|Any CPU
		{6E77805B-14F5-4C27-8F95-3E0E4C640C86}.Release|Any CPU.ActiveCfg = Release|Any CPU
		{6E77805B-14F5-4C27-8F95-3E0E4C640C86}.Release|Any CPU.Build.0 = Release|Any CPU
		{6E77805B-14F5-4C27-8F95-3E0E4C640C86}.Release|Any CPU.Deploy.0 = Release|Any CPU
		{6E77805B-14F5-4C27-8F95-3E0E4C640C86}.Release|iPhone.ActiveCfg = Release|Any CPU
		{6E77805B-14F5-4C27-8F95-3E0E4C640C86}.Release|iPhone.Build.0 = Release|Any CPU
		{6E77805B-14F5-4C27-8F95-3E0E4C640C86}.Release|iPhone.Deploy.0 = Release|Any CPU
		{6E77805B-14F5-4C27-8F95-3E0E4C640C86}.Release|iPhoneSimulator.ActiveCfg = Release|Any CPU
		{6E77805B-14F5-4C27-8F95-3E0E4C640C86}.Release|iPhoneSimulator.Build.0 = Release|Any CPU
		{6E77805B-14F5-4C27-8F95-3E0E4C640C86}.Release|iPhoneSimulator.Deploy.0 = Release|Any CPU
		{C7C48759-0D0A-4FDA-B85F-0CC9E196E464}.Ad-Hoc|Any CPU.ActiveCfg = Release|Any CPU
		{C7C48759-0D0A-4FDA-B85F-0CC9E196E464}.Ad-Hoc|Any CPU.Build.0 = Release|Any CPU
		{C7C48759-0D0A-4FDA-B85F-0CC9E196E464}.Ad-Hoc|iPhone.ActiveCfg = Release|Any CPU
		{C7C48759-0D0A-4FDA-B85F-0CC9E196E464}.Ad-Hoc|iPhone.Build.0 = Release|Any CPU
		{C7C48759-0D0A-4FDA-B85F-0CC9E196E464}.Ad-Hoc|iPhoneSimulator.ActiveCfg = Release|Any CPU
		{C7C48759-0D0A-4FDA-B85F-0CC9E196E464}.Ad-Hoc|iPhoneSimulator.Build.0 = Release|Any CPU
		{C7C48759-0D0A-4FDA-B85F-0CC9E196E464}.AppStore|Any CPU.ActiveCfg = Release|Any CPU
		{C7C48759-0D0A-4FDA-B85F-0CC9E196E464}.AppStore|Any CPU.Build.0 = Release|Any CPU
		{C7C48759-0D0A-4FDA-B85F-0CC9E196E464}.AppStore|iPhone.ActiveCfg = Release|Any CPU
		{C7C48759-0D0A-4FDA-B85F-0CC9E196E464}.AppStore|iPhone.Build.0 = Release|Any CPU
		{C7C48759-0D0A-4FDA-B85F-0CC9E196E464}.AppStore|iPhoneSimulator.ActiveCfg = Release|Any CPU
		{C7C48759-0D0A-4FDA-B85F-0CC9E196E464}.AppStore|iPhoneSimulator.Build.0 = Release|Any CPU
		{C7C48759-0D0A-4FDA-B85F-0CC9E196E464}.Debug|Any CPU.ActiveCfg = Debug|Any CPU
		{C7C48759-0D0A-4FDA-B85F-0CC9E196E464}.Debug|Any CPU.Build.0 = Debug|Any CPU
		{C7C48759-0D0A-4FDA-B85F-0CC9E196E464}.Debug|iPhone.ActiveCfg = Debug|Any CPU
		{C7C48759-0D0A-4FDA-B85F-0CC9E196E464}.Debug|iPhone.Build.0 = Debug|Any CPU
		{C7C48759-0D0A-4FDA-B85F-0CC9E196E464}.Debug|iPhoneSimulator.ActiveCfg = Debug|Any CPU
		{C7C48759-0D0A-4FDA-B85F-0CC9E196E464}.Debug|iPhoneSimulator.Build.0 = Debug|Any CPU
		{C7C48759-0D0A-4FDA-B85F-0CC9E196E464}.Release|Any CPU.ActiveCfg = Release|Any CPU
		{C7C48759-0D0A-4FDA-B85F-0CC9E196E464}.Release|Any CPU.Build.0 = Release|Any CPU
		{C7C48759-0D0A-4FDA-B85F-0CC9E196E464}.Release|iPhone.ActiveCfg = Release|Any CPU
		{C7C48759-0D0A-4FDA-B85F-0CC9E196E464}.Release|iPhone.Build.0 = Release|Any CPU
		{C7C48759-0D0A-4FDA-B85F-0CC9E196E464}.Release|iPhoneSimulator.ActiveCfg = Release|Any CPU
		{C7C48759-0D0A-4FDA-B85F-0CC9E196E464}.Release|iPhoneSimulator.Build.0 = Release|Any CPU
		{38126CC0-0ACE-445D-90CB-552BCAD2D29F}.Ad-Hoc|Any CPU.ActiveCfg = Release|Any CPU
		{38126CC0-0ACE-445D-90CB-552BCAD2D29F}.Ad-Hoc|Any CPU.Build.0 = Release|Any CPU
		{38126CC0-0ACE-445D-90CB-552BCAD2D29F}.Ad-Hoc|iPhone.ActiveCfg = Release|Any CPU
		{38126CC0-0ACE-445D-90CB-552BCAD2D29F}.Ad-Hoc|iPhone.Build.0 = Release|Any CPU
		{38126CC0-0ACE-445D-90CB-552BCAD2D29F}.Ad-Hoc|iPhoneSimulator.ActiveCfg = Release|Any CPU
		{38126CC0-0ACE-445D-90CB-552BCAD2D29F}.Ad-Hoc|iPhoneSimulator.Build.0 = Release|Any CPU
		{38126CC0-0ACE-445D-90CB-552BCAD2D29F}.AppStore|Any CPU.ActiveCfg = Release|Any CPU
		{38126CC0-0ACE-445D-90CB-552BCAD2D29F}.AppStore|Any CPU.Build.0 = Release|Any CPU
		{38126CC0-0ACE-445D-90CB-552BCAD2D29F}.AppStore|iPhone.ActiveCfg = Release|Any CPU
		{38126CC0-0ACE-445D-90CB-552BCAD2D29F}.AppStore|iPhone.Build.0 = Release|Any CPU
		{38126CC0-0ACE-445D-90CB-552BCAD2D29F}.AppStore|iPhoneSimulator.ActiveCfg = Release|Any CPU
		{38126CC0-0ACE-445D-90CB-552BCAD2D29F}.AppStore|iPhoneSimulator.Build.0 = Release|Any CPU
		{38126CC0-0ACE-445D-90CB-552BCAD2D29F}.Debug|Any CPU.ActiveCfg = Debug|Any CPU
		{38126CC0-0ACE-445D-90CB-552BCAD2D29F}.Debug|Any CPU.Build.0 = Debug|Any CPU
		{38126CC0-0ACE-445D-90CB-552BCAD2D29F}.Debug|iPhone.ActiveCfg = Debug|Any CPU
		{38126CC0-0ACE-445D-90CB-552BCAD2D29F}.Debug|iPhone.Build.0 = Debug|Any CPU
		{38126CC0-0ACE-445D-90CB-552BCAD2D29F}.Debug|iPhoneSimulator.ActiveCfg = Debug|Any CPU
		{38126CC0-0ACE-445D-90CB-552BCAD2D29F}.Debug|iPhoneSimulator.Build.0 = Debug|Any CPU
		{38126CC0-0ACE-445D-90CB-552BCAD2D29F}.Release|Any CPU.ActiveCfg = Release|Any CPU
		{38126CC0-0ACE-445D-90CB-552BCAD2D29F}.Release|Any CPU.Build.0 = Release|Any CPU
		{38126CC0-0ACE-445D-90CB-552BCAD2D29F}.Release|iPhone.ActiveCfg = Release|Any CPU
		{38126CC0-0ACE-445D-90CB-552BCAD2D29F}.Release|iPhone.Build.0 = Release|Any CPU
		{38126CC0-0ACE-445D-90CB-552BCAD2D29F}.Release|iPhoneSimulator.ActiveCfg = Release|Any CPU
		{38126CC0-0ACE-445D-90CB-552BCAD2D29F}.Release|iPhoneSimulator.Build.0 = Release|Any CPU
		{3AC16FD5-1272-4F92-814E-CFEFC035B638}.Ad-Hoc|Any CPU.ActiveCfg = Debug|Any CPU
		{3AC16FD5-1272-4F92-814E-CFEFC035B638}.Ad-Hoc|Any CPU.Build.0 = Debug|Any CPU
		{3AC16FD5-1272-4F92-814E-CFEFC035B638}.Ad-Hoc|iPhone.ActiveCfg = Debug|Any CPU
		{3AC16FD5-1272-4F92-814E-CFEFC035B638}.Ad-Hoc|iPhone.Build.0 = Debug|Any CPU
		{3AC16FD5-1272-4F92-814E-CFEFC035B638}.Ad-Hoc|iPhoneSimulator.ActiveCfg = Debug|Any CPU
		{3AC16FD5-1272-4F92-814E-CFEFC035B638}.Ad-Hoc|iPhoneSimulator.Build.0 = Debug|Any CPU
		{3AC16FD5-1272-4F92-814E-CFEFC035B638}.AppStore|Any CPU.ActiveCfg = Debug|Any CPU
		{3AC16FD5-1272-4F92-814E-CFEFC035B638}.AppStore|Any CPU.Build.0 = Debug|Any CPU
		{3AC16FD5-1272-4F92-814E-CFEFC035B638}.AppStore|iPhone.ActiveCfg = Debug|Any CPU
		{3AC16FD5-1272-4F92-814E-CFEFC035B638}.AppStore|iPhone.Build.0 = Debug|Any CPU
		{3AC16FD5-1272-4F92-814E-CFEFC035B638}.AppStore|iPhoneSimulator.ActiveCfg = Debug|Any CPU
		{3AC16FD5-1272-4F92-814E-CFEFC035B638}.AppStore|iPhoneSimulator.Build.0 = Debug|Any CPU
		{3AC16FD5-1272-4F92-814E-CFEFC035B638}.Debug|Any CPU.ActiveCfg = Debug|Any CPU
		{3AC16FD5-1272-4F92-814E-CFEFC035B638}.Debug|Any CPU.Build.0 = Debug|Any CPU
		{3AC16FD5-1272-4F92-814E-CFEFC035B638}.Debug|iPhone.ActiveCfg = Debug|Any CPU
		{3AC16FD5-1272-4F92-814E-CFEFC035B638}.Debug|iPhone.Build.0 = Debug|Any CPU
		{3AC16FD5-1272-4F92-814E-CFEFC035B638}.Debug|iPhoneSimulator.ActiveCfg = Debug|Any CPU
		{3AC16FD5-1272-4F92-814E-CFEFC035B638}.Debug|iPhoneSimulator.Build.0 = Debug|Any CPU
		{3AC16FD5-1272-4F92-814E-CFEFC035B638}.Release|Any CPU.ActiveCfg = Release|Any CPU
		{3AC16FD5-1272-4F92-814E-CFEFC035B638}.Release|Any CPU.Build.0 = Release|Any CPU
		{3AC16FD5-1272-4F92-814E-CFEFC035B638}.Release|iPhone.ActiveCfg = Release|Any CPU
		{3AC16FD5-1272-4F92-814E-CFEFC035B638}.Release|iPhone.Build.0 = Release|Any CPU
		{3AC16FD5-1272-4F92-814E-CFEFC035B638}.Release|iPhoneSimulator.ActiveCfg = Release|Any CPU
		{3AC16FD5-1272-4F92-814E-CFEFC035B638}.Release|iPhoneSimulator.Build.0 = Release|Any CPU
	EndGlobalSection
	GlobalSection(SolutionProperties) = preSolution
		HideSolutionNode = FALSE
	EndGlobalSection
	GlobalSection(ExtensibilityGlobals) = postSolution
		SolutionGuid = {20698BB0-3AFD-42B0-92DA-A4C04A5D177E}
	EndGlobalSection
EndGlobal
